// !$*UTF8*$!
{
	archiveVersion = 1;
	classes = {
	};
	objectVersion = 77;
	objects = {

/* Begin PBXContainerItemProxy section */
		D9C0D6052DDA42B200282E00 /* PBXContainerItemProxy */ = {
			isa = PBXContainerItemProxy;
			containerPortal = D9C0D5E62DDA42AC00282E00 /* Project object */;
			proxyType = 1;
			remoteGlobalIDString = D9C0D5ED2DDA42AC00282E00;
			remoteInfo = "nobetci-eczane";
		};
		D9C0D60F2DDA42B200282E00 /* PBXContainerItemProxy */ = {
			isa = PBXContainerItemProxy;
			containerPortal = D9C0D5E62DDA42AC00282E00 /* Project object */;
			proxyType = 1;
			remoteGlobalIDString = D9C0D5ED2DDA42AC00282E00;
			remoteInfo = "nobetci-eczane";
		};
/* End PBXContainerItemProxy section */

/* Begin PBXFileReference section */
		D9C0D5EE2DDA42AC00282E00 /* nobetci-eczane.app */ = {isa = PBXFileReference; explicitFileType = wrapper.application; includeInIndex = 0; path = "nobetci-eczane.app"; sourceTree = BUILT_PRODUCTS_DIR; };
		D9C0D6042DDA42B200282E00 /* nobetci-eczaneTests.xctest */ = {isa = PBXFileReference; explicitFileType = wrapper.cfbundle; includeInIndex = 0; path = "nobetci-eczaneTests.xctest"; sourceTree = BUILT_PRODUCTS_DIR; };
		D9C0D60E2DDA42B200282E00 /* nobetci-eczaneUITests.xctest */ = {isa = PBXFileReference; explicitFileType = wrapper.cfbundle; includeInIndex = 0; path = "nobetci-eczaneUITests.xctest"; sourceTree = BUILT_PRODUCTS_DIR; };
/* End PBXFileReference section */

/* Begin PBXFileSystemSynchronizedBuildFileExceptionSet section */
		D9C0D6162DDA42B200282E00 /* Exceptions for "nobetci-eczane" folder in "nobetci-eczane" target */ = {
			isa = PBXFileSystemSynchronizedBuildFileExceptionSet;
			membershipExceptions = (
				Info.plist,
			);
			target = D9C0D5ED2DDA42AC00282E00 /* nobetci-eczane */;
		};
/* End PBXFileSystemSynchronizedBuildFileExceptionSet section */

/* Begin PBXFileSystemSynchronizedRootGroup section */
		D9C0D5F02DDA42AC00282E00 /* nobetci-eczane */ = {
			isa = PBXFileSystemSynchronizedRootGroup;
			exceptions = (
				D9C0D6162DDA42B200282E00 /* Exceptions for "nobetci-eczane" folder in "nobetci-eczane" target */,
			);
			path = "nobetci-eczane";
			sourceTree = "<group>";
		};
		D9C0D6072DDA42B200282E00 /* nobetci-eczaneTests */ = {
			isa = PBXFileSystemSynchronizedRootGroup;
			path = "nobetci-eczaneTests";
			sourceTree = "<group>";
		};
		D9C0D6112DDA42B200282E00 /* nobetci-eczaneUITests */ = {
			isa = PBXFileSystemSynchronizedRootGroup;
			path = "nobetci-eczaneUITests";
			sourceTree = "<group>";
		};
/* End PBXFileSystemSynchronizedRootGroup section */

/* Begin PBXFrameworksBuildPhase section */
		D9C0D5EB2DDA42AC00282E00 /* Frameworks */ = {
			isa = PBXFrameworksBuildPhase;
			buildActionMask = 2147483647;
			files = (
			);
			runOnlyForDeploymentPostprocessing = 0;
		};
		D9C0D6012DDA42B200282E00 /* Frameworks */ = {
			isa = PBXFrameworksBuildPhase;
			buildActionMask = 2147483647;
			files = (
			);
			runOnlyForDeploymentPostprocessing = 0;
		};
		D9C0D60B2DDA42B200282E00 /* Frameworks */ = {
			isa = PBXFrameworksBuildPhase;
			buildActionMask = 2147483647;
			files = (
			);
			runOnlyForDeploymentPostprocessing = 0;
		};
/* End PBXFrameworksBuildPhase section */

/* Begin PBXGroup section */
		D9C0D5E52DDA42AC00282E00 = {
			isa = PBXGroup;
			children = (
				D9C0D5F02DDA42AC00282E00 /* nobetci-eczane */,
				D9C0D6072DDA42B200282E00 /* nobetci-eczaneTests */,
				D9C0D6112DDA42B200282E00 /* nobetci-eczaneUITests */,
				D9C0D5EF2DDA42AC00282E00 /* Products */,
			);
			sourceTree = "<group>";
		};
		D9C0D5EF2DDA42AC00282E00 /* Products */ = {
			isa = PBXGroup;
			children = (
				D9C0D5EE2DDA42AC00282E00 /* nobetci-eczane.app */,
				D9C0D6042DDA42B200282E00 /* nobetci-eczaneTests.xctest */,
				D9C0D60E2DDA42B200282E00 /* nobetci-eczaneUITests.xctest */,
			);
			name = Products;
			sourceTree = "<group>";
		};
/* End PBXGroup section */

/* Begin PBXNativeTarget section */
		D9C0D5ED2DDA42AC00282E00 /* nobetci-eczane */ = {
			isa = PBXNativeTarget;
			buildConfigurationList = D9C0D6172DDA42B200282E00 /* Build configuration list for PBXNativeTarget "nobetci-eczane" */;
			buildPhases = (
				D9C0D5EA2DDA42AC00282E00 /* Sources */,
				D9C0D5EB2DDA42AC00282E00 /* Frameworks */,
				D9C0D5EC2DDA42AC00282E00 /* Resources */,
			);
			buildRules = (
			);
			dependencies = (
			);
			fileSystemSynchronizedGroups = (
				D9C0D5F02DDA42AC00282E00 /* nobetci-eczane */,
			);
			name = "nobetci-eczane";
			packageProductDependencies = (
			);
			productName = "nobetci-eczane";
			productReference = D9C0D5EE2DDA42AC00282E00 /* nobetci-eczane.app */;
			productType = "com.apple.product-type.application";
		};
		D9C0D6032DDA42B200282E00 /* nobetci-eczaneTests */ = {
			isa = PBXNativeTarget;
			buildConfigurationList = D9C0D61C2DDA42B200282E00 /* Build configuration list for PBXNativeTarget "nobetci-eczaneTests" */;
			buildPhases = (
				D9C0D6002DDA42B200282E00 /* Sources */,
				D9C0D6012DDA42B200282E00 /* Frameworks */,
				D9C0D6022DDA42B200282E00 /* Resources */,
			);
			buildRules = (
			);
			dependencies = (
				D9C0D6062DDA42B200282E00 /* PBXTargetDependency */,
			);
			fileSystemSynchronizedGroups = (
				D9C0D6072DDA42B200282E00 /* nobetci-eczaneTests */,
			);
			name = "nobetci-eczaneTests";
			packageProductDependencies = (
			);
			productName = "nobetci-eczaneTests";
			productReference = D9C0D6042DDA42B200282E00 /* nobetci-eczaneTests.xctest */;
			productType = "com.apple.product-type.bundle.unit-test";
		};
		D9C0D60D2DDA42B200282E00 /* nobetci-eczaneUITests */ = {
			isa = PBXNativeTarget;
			buildConfigurationList = D9C0D61F2DDA42B200282E00 /* Build configuration list for PBXNativeTarget "nobetci-eczaneUITests" */;
			buildPhases = (
				D9C0D60A2DDA42B200282E00 /* Sources */,
				D9C0D60B2DDA42B200282E00 /* Frameworks */,
				D9C0D60C2DDA42B200282E00 /* Resources */,
			);
			buildRules = (
			);
			dependencies = (
				D9C0D6102DDA42B200282E00 /* PBXTargetDependency */,
			);
			fileSystemSynchronizedGroups = (
				D9C0D6112DDA42B200282E00 /* nobetci-eczaneUITests */,
			);
			name = "nobetci-eczaneUITests";
			packageProductDependencies = (
			);
			productName = "nobetci-eczaneUITests";
			productReference = D9C0D60E2DDA42B200282E00 /* nobetci-eczaneUITests.xctest */;
			productType = "com.apple.product-type.bundle.ui-testing";
		};
/* End PBXNativeTarget section */

/* Begin PBXProject section */
		D9C0D5E62DDA42AC00282E00 /* Project object */ = {
			isa = PBXProject;
			attributes = {
				BuildIndependentTargetsInParallel = 1;
				LastSwiftUpdateCheck = 1620;
				LastUpgradeCheck = 1620;
				TargetAttributes = {
					D9C0D5ED2DDA42AC00282E00 = {
						CreatedOnToolsVersion = 16.2;
					};
					D9C0D6032DDA42B200282E00 = {
						CreatedOnToolsVersion = 16.2;
						TestTargetID = D9C0D5ED2DDA42AC00282E00;
					};
					D9C0D60D2DDA42B200282E00 = {
						CreatedOnToolsVersion = 16.2;
						TestTargetID = D9C0D5ED2DDA42AC00282E00;
					};
				};
			};
			buildConfigurationList = D9C0D5E92DDA42AC00282E00 /* Build configuration list for PBXProject "nobetci-eczane" */;
			developmentRegion = en;
			hasScannedForEncodings = 0;
			knownRegions = (
				en,
				Base,
			);
			mainGroup = D9C0D5E52DDA42AC00282E00;
			minimizedProjectReferenceProxies = 1;
			preferredProjectObjectVersion = 77;
			productRefGroup = D9C0D5EF2DDA42AC00282E00 /* Products */;
			projectDirPath = "";
			projectRoot = "";
			targets = (
				D9C0D5ED2DDA42AC00282E00 /* nobetci-eczane */,
				D9C0D6032DDA42B200282E00 /* nobetci-eczaneTests */,
				D9C0D60D2DDA42B200282E00 /* nobetci-eczaneUITests */,
			);
		};
/* End PBXProject section */

/* Begin PBXResourcesBuildPhase section */
		D9C0D5EC2DDA42AC00282E00 /* Resources */ = {
			isa = PBXResourcesBuildPhase;
			buildActionMask = 2147483647;
			files = (
			);
			runOnlyForDeploymentPostprocessing = 0;
		};
		D9C0D6022DDA42B200282E00 /* Resources */ = {
			isa = PBXResourcesBuildPhase;
			buildActionMask = 2147483647;
			files = (
			);
			runOnlyForDeploymentPostprocessing = 0;
		};
		D9C0D60C2DDA42B200282E00 /* Resources */ = {
			isa = PBXResourcesBuildPhase;
			buildActionMask = 2147483647;
			files = (
			);
			runOnlyForDeploymentPostprocessing = 0;
		};
/* End PBXResourcesBuildPhase section */

/* Begin PBXSourcesBuildPhase section */
		D9C0D5EA2DDA42AC00282E00 /* Sources */ = {
			isa = PBXSourcesBuildPhase;
			buildActionMask = 2147483647;
			files = (
			);
			runOnlyForDeploymentPostprocessing = 0;
		};
		D9C0D6002DDA42B200282E00 /* Sources */ = {
			isa = PBXSourcesBuildPhase;
			buildActionMask = 2147483647;
			files = (
			);
			runOnlyForDeploymentPostprocessing = 0;
		};
		D9C0D60A2DDA42B200282E00 /* Sources */ = {
			isa = PBXSourcesBuildPhase;
			buildActionMask = 2147483647;
			files = (
			);
			runOnlyForDeploymentPostprocessing = 0;
		};
/* End PBXSourcesBuildPhase section */

/* Begin PBXTargetDependency section */
		D9C0D6062DDA42B200282E00 /* PBXTargetDependency */ = {
			isa = PBXTargetDependency;
			target = D9C0D5ED2DDA42AC00282E00 /* nobetci-eczane */;
			targetProxy = D9C0D6052DDA42B200282E00 /* PBXContainerItemProxy */;
		};
		D9C0D6102DDA42B200282E00 /* PBXTargetDependency */ = {
			isa = PBXTargetDependency;
			target = D9C0D5ED2DDA42AC00282E00 /* nobetci-eczane */;
			targetProxy = D9C0D60F2DDA42B200282E00 /* PBXContainerItemProxy */;
		};
/* End PBXTargetDependency section */

/* Begin XCBuildConfiguration section */
		D9C0D6182DDA42B200282E00 /* Debug */ = {
			isa = XCBuildConfiguration;
			buildSettings = {
				ASSETCATALOG_COMPILER_APPICON_NAME = AppIcon;
				ASSETCATALOG_COMPILER_GLOBAL_ACCENT_COLOR_NAME = AccentColor;
				CODE_SIGN_STYLE = Automatic;
				CURRENT_PROJECT_VERSION = 1;
				DEVELOPMENT_TEAM = AH9D684WPU;
				GENERATE_INFOPLIST_FILE = YES;
				INFOPLIST_FILE = "nobetci-eczane/Info.plist";
				INFOPLIST_KEY_UIApplicationSupportsIndirectInputEvents = YES;
				INFOPLIST_KEY_UILaunchStoryboardName = LaunchScreen;
				INFOPLIST_KEY_UIMainStoryboardFile = Main;
				INFOPLIST_KEY_UISupportedInterfaceOrientations_iPad = "UIInterfaceOrientationPortrait UIInterfaceOrientationPortraitUpsideDown UIInterfaceOrientationLandscapeLeft UIInterfaceOrientationLandscapeRight";
				INFOPLIST_KEY_UISupportedInterfaceOrientations_iPhone = "UIInterfaceOrientationPortrait UIInterfaceOrientationLandscapeLeft UIInterfaceOrientationLandscapeRight";
				LD_RUNPATH_SEARCH_PATHS = (
					"$(inherited)",
					"@executable_path/Frameworks",
				);
				MARKETING_VERSION = 1.0;
				PRODUCT_BUNDLE_IDENTIFIER = "keserbaros.nobetci-eczane";
				PRODUCT_NAME = "$(TARGET_NAME)";
				SWIFT_EMIT_LOC_STRINGS = YES;
				SWIFT_VERSION = 5.0;
				TARGETED_DEVICE_FAMILY = "1,2";
			};
			name = Debug;
		};
		D9C0D6192DDA42B200282E00 /* Release */ = {
			isa = XCBuildConfiguration;
			buildSettings = {
				ASSETCATALOG_COMPILER_APPICON_NAME = AppIcon;
				ASSETCATALOG_COMPILER_GLOBAL_ACCENT_COLOR_NAME = AccentColor;
				CODE_SIGN_STYLE = Automatic;
				CURRENT_PROJECT_VERSION = 1;
				DEVELOPMENT_TEAM = AH9D684WPU;
				GENERATE_INFOPLIST_FILE = YES;
				INFOPLIST_FILE = "nobetci-eczane/Info.plist";
				INFOPLIST_KEY_UIApplicationSupportsIndirectInputEvents = YES;
				INFOPLIST_KEY_UILaunchStoryboardName = LaunchScreen;
				INFOPLIST_KEY_UIMainStoryboardFile = Main;
				INFOPLIST_KEY_UISupportedInterfaceOrientations_iPad = "UIInterfaceOrientationPortrait UIInterfaceOrientationPortraitUpsideDown UIInterfaceOrientationLandscapeLeft UIInterfaceOrientationLandscapeRight";
				INFOPLIST_KEY_UISupportedInterfaceOrientations_iPhone = "UIInterfaceOrientationPortrait UIInterfaceOrientationLandscapeLeft UIInterfaceOrientationLandscapeRight";
				LD_RUNPATH_SEARCH_PATHS = (
					"$(inherited)",
					"@executable_path/Frameworks",
				);
				MARKETING_VERSION = 1.0;
				PRODUCT_BUNDLE_IDENTIFIER = "keserbaros.nobetci-eczane";
				PRODUCT_NAME = "$(TARGET_NAME)";
				SWIFT_EMIT_LOC_STRINGS = YES;
				SWIFT_VERSION = 5.0;
				TARGETED_DEVICE_FAMILY = "1,2";
			};
			name = Release;
		};
		D9C0D61A2DDA42B200282E00 /* Debug */ = {
			isa = XCBuildConfiguration;
			buildSettings = {
				ALWAYS_SEARCH_USER_PATHS = NO;
				ASSETCATALOG_COMPILER_GENERATE_SWIFT_ASSET_SYMBOL_EXTENSIONS = YES;
				CLANG_ANALYZER_NONNULL = YES;
				CLANG_ANALYZER_NUMBER_OBJECT_CONVERSION = YES_AGGRESSIVE;
				CLANG_CXX_LANGUAGE_STANDARD = "gnu++20";
				CLANG_ENABLE_MODULES = YES;
				CLANG_ENABLE_OBJC_ARC = YES;
				CLANG_ENABLE_OBJC_WEAK = YES;
				CLANG_WARN_BLOCK_CAPTURE_AUTORELEASING = YES;
				CLANG_WARN_BOOL_CONVERSION = YES;
				CLANG_WARN_COMMA = YES;
				CLANG_WARN_CONSTANT_CONVERSION = YES;
				CLANG_WARN_DEPRECATED_OBJC_IMPLEMENTATIONS = YES;
				CLANG_WARN_DIRECT_OBJC_ISA_USAGE = YES_ERROR;
				CLANG_WARN_DOCUMENTATION_COMMENTS = YES;
				CLANG_WARN_EMPTY_BODY = YES;
				CLANG_WARN_ENUM_CONVERSION = YES;
				CLANG_WARN_INFINITE_RECURSION = YES;
				CLANG_WARN_INT_CONVERSION = YES;
				CLANG_WARN_NON_LITERAL_NULL_CONVERSION = YES;
				CLANG_WARN_OBJC_IMPLICIT_RETAIN_SELF = YES;
				CLANG_WARN_OBJC_LITERAL_CONVERSION = YES;
				CLANG_WARN_OBJC_ROOT_CLASS = YES_ERROR;
				CLANG_WARN_QUOTED_INCLUDE_IN_FRAMEWORK_HEADER = YES;
				CLANG_WARN_RANGE_LOOP_ANALYSIS = YES;
				CLANG_WARN_STRICT_PROTOTYPES = YES;
				CLANG_WARN_SUSPICIOUS_MOVE = YES;
				CLANG_WARN_UNGUARDED_AVAILABILITY = YES_AGGRESSIVE;
				CLANG_WARN_UNREACHABLE_CODE = YES;
				CLANG_WARN__DUPLICATE_METHOD_MATCH = YES;
				COPY_PHASE_STRIP = NO;
				DEBUG_INFORMATION_FORMAT = dwarf;
				ENABLE_STRICT_OBJC_MSGSEND = YES;
				ENABLE_TESTABILITY = YES;
				ENABLE_USER_SCRIPT_SANDBOXING = YES;
				GCC_C_LANGUAGE_STANDARD = gnu17;
				GCC_DYNAMIC_NO_PIC = NO;
				GCC_NO_COMMON_BLOCKS = YES;
				GCC_OPTIMIZATION_LEVEL = 0;
				GCC_PREPROCESSOR_DEFINITIONS = (
					"DEBUG=1",
					"$(inherited)",
				);
				GCC_WARN_64_TO_32_BIT_CONVERSION = YES;
				GCC_WARN_ABOUT_RETURN_TYPE = YES_ERROR;
				GCC_WARN_UNDECLARED_SELECTOR = YES;
				GCC_WARN_UNINITIALIZED_AUTOS = YES_AGGRESSIVE;
				GCC_WARN_UNUSED_FUNCTION = YES;
				GCC_WARN_UNUSED_VARIABLE = YES;
				IPHONEOS_DEPLOYMENT_TARGET = 18.2;
				LOCALIZATION_PREFERS_STRING_CATALOGS = YES;
				MTL_ENABLE_DEBUG_INFO = INCLUDE_SOURCE;
				MTL_FAST_MATH = YES;
				ONLY_ACTIVE_ARCH = YES;
				SDKROOT = iphoneos;
				SWIFT_ACTIVE_COMPILATION_CONDITIONS = "DEBUG $(inherited)";
				SWIFT_OPTIMIZATION_LEVEL = "-Onone";
			};
			name = Debug;
		};
		D9C0D61B2DDA42B200282E00 /* Release */ = {
			isa = XCBuildConfiguration;
			buildSettings = {
				ALWAYS_SEARCH_USER_PATHS = NO;
				ASSETCATALOG_COMPILER_GENERATE_SWIFT_ASSET_SYMBOL_EXTENSIONS = YES;
				CLANG_ANALYZER_NONNULL = YES;
				CLANG_ANALYZER_NUMBER_OBJECT_CONVERSION = YES_AGGRESSIVE;
				CLANG_CXX_LANGUAGE_STANDARD = "gnu++20";
				CLANG_ENABLE_MODULES = YES;
				CLANG_ENABLE_OBJC_ARC = YES;
				CLANG_ENABLE_OBJC_WEAK = YES;
				CLANG_WARN_BLOCK_CAPTURE_AUTORELEASING = YES;
				CLANG_WARN_BOOL_CONVERSION = YES;
				CLANG_WARN_COMMA = YES;
				CLANG_WARN_CONSTANT_CONVERSION = YES;
				CLANG_WARN_DEPRECATED_OBJC_IMPLEMENTATIONS = YES;
				CLANG_WARN_DIRECT_OBJC_ISA_USAGE = YES_ERROR;
				CLANG_WARN_DOCUMENTATION_COMMENTS = YES;
				CLANG_WARN_EMPTY_BODY = YES;
				CLANG_WARN_ENUM_CONVERSION = YES;
				CLANG_WARN_INFINITE_RECURSION = YES;
				CLANG_WARN_INT_CONVERSION = YES;
				CLANG_WARN_NON_LITERAL_NULL_CONVERSION = YES;
				CLANG_WARN_OBJC_IMPLICIT_RETAIN_SELF = YES;
				CLANG_WARN_OBJC_LITERAL_CONVERSION = YES;
				CLANG_WARN_OBJC_ROOT_CLASS = YES_ERROR;
				CLANG_WARN_QUOTED_INCLUDE_IN_FRAMEWORK_HEADER = YES;
				CLANG_WARN_RANGE_LOOP_ANALYSIS = YES;
				CLANG_WARN_STRICT_PROTOTYPES = YES;
				CLANG_WARN_SUSPICIOUS_MOVE = YES;
				CLANG_WARN_UNGUARDED_AVAILABILITY = YES_AGGRESSIVE;
				CLANG_WARN_UNREACHABLE_CODE = YES;
				CLANG_WARN__DUPLICATE_METHOD_MATCH = YES;
				COPY_PHASE_STRIP = NO;
				DEBUG_INFORMATION_FORMAT = "dwarf-with-dsym";
				ENABLE_NS_ASSERTIONS = NO;
				ENABLE_STRICT_OBJC_MSGSEND = YES;
				ENABLE_USER_SCRIPT_SANDBOXING = YES;
				GCC_C_LANGUAGE_STANDARD = gnu17;
				GCC_NO_COMMON_BLOCKS = YES;
				GCC_WARN_64_TO_32_BIT_CONVERSION = YES;
				GCC_WARN_ABOUT_RETURN_TYPE = YES_ERROR;
				GCC_WARN_UNDECLARED_SELECTOR = YES;
				GCC_WARN_UNINITIALIZED_AUTOS = YES_AGGRESSIVE;
				GCC_WARN_UNUSED_FUNCTION = YES;
				GCC_WARN_UNUSED_VARIABLE = YES;
				IPHONEOS_DEPLOYMENT_TARGET = 18.2;
				LOCALIZATION_PREFERS_STRING_CATALOGS = YES;
				MTL_ENABLE_DEBUG_INFO = NO;
				MTL_FAST_MATH = YES;
				SDKROOT = iphoneos;
				SWIFT_COMPILATION_MODE = wholemodule;
				VALIDATE_PRODUCT = YES;
			};
			name = Release;
		};
		D9C0D61D2DDA42B200282E00 /* Debug */ = {
			isa = XCBuildConfiguration;
			buildSettings = {
				BUNDLE_LOADER = "$(TEST_HOST)";
				CODE_SIGN_STYLE = Automatic;
				CURRENT_PROJECT_VERSION = 1;
				DEVELOPMENT_TEAM = AH9D684WPU;
				GENERATE_INFOPLIST_FILE = YES;
				IPHONEOS_DEPLOYMENT_TARGET = 18.2;
				MARKETING_VERSION = 1.0;
				PRODUCT_BUNDLE_IDENTIFIER = "keserbaros.nobetci-eczaneTests";
				PRODUCT_NAME = "$(TARGET_NAME)";
				SWIFT_EMIT_LOC_STRINGS = NO;
				SWIFT_VERSION = 5.0;
				TARGETED_DEVICE_FAMILY = "1,2";
				TEST_HOST = "$(BUILT_PRODUCTS_DIR)/nobetci-eczane.app/$(BUNDLE_EXECUTABLE_FOLDER_PATH)/nobetci-eczane";
			};
			name = Debug;
		};
		D9C0D61E2DDA42B200282E00 /* Release */ = {
			isa = XCBuildConfiguration;
			buildSettings = {
				BUNDLE_LOADER = "$(TEST_HOST)";
				CODE_SIGN_STYLE = Automatic;
				CURRENT_PROJECT_VERSION = 1;
				DEVELOPMENT_TEAM = AH9D684WPU;
				GENERATE_INFOPLIST_FILE = YES;
				IPHONEOS_DEPLOYMENT_TARGET = 18.2;
				MARKETING_VERSION = 1.0;
				PRODUCT_BUNDLE_IDENTIFIER = "keserbaros.nobetci-eczaneTests";
				PRODUCT_NAME = "$(TARGET_NAME)";
				SWIFT_EMIT_LOC_STRINGS = NO;
				SWIFT_VERSION = 5.0;
				TARGETED_DEVICE_FAMILY = "1,2";
				TEST_HOST = "$(BUILT_PRODUCTS_DIR)/nobetci-eczane.app/$(BUNDLE_EXECUTABLE_FOLDER_PATH)/nobetci-eczane";
			};
			name = Release;
		};
		D9C0D6202DDA42B200282E00 /* Debug */ = {
			isa = XCBuildConfiguration;
			buildSettings = {
				CODE_SIGN_STYLE = Automatic;
				CURRENT_PROJECT_VERSION = 1;
				DEVELOPMENT_TEAM = AH9D684WPU;
				GENERATE_INFOPLIST_FILE = YES;
				MARKETING_VERSION = 1.0;
				PRODUCT_BUNDLE_IDENTIFIER = "keserbaros.nobetci-eczaneUITests";
				PRODUCT_NAME = "$(TARGET_NAME)";
				SWIFT_EMIT_LOC_STRINGS = NO;
				SWIFT_VERSION = 5.0;
				TARGETED_DEVICE_FAMILY = "1,2";
				TEST_TARGET_NAME = "nobetci-eczane";
			};
			name = Debug;
		};
		D9C0D6212DDA42B200282E00 /* Release */ = {
			isa = XCBuildConfiguration;
			buildSettings = {
				CODE_SIGN_STYLE = Automatic;
				CURRENT_PROJECT_VERSION = 1;
				DEVELOPMENT_TEAM = AH9D684WPU;
				GENERATE_INFOPLIST_FILE = YES;
				MARKETING_VERSION = 1.0;
				PRODUCT_BUNDLE_IDENTIFIER = "keserbaros.nobetci-eczaneUITests";
				PRODUCT_NAME = "$(TARGET_NAME)";
				SWIFT_EMIT_LOC_STRINGS = NO;
				SWIFT_VERSION = 5.0;
				TARGETED_DEVICE_FAMILY = "1,2";
				TEST_TARGET_NAME = "nobetci-eczane";
			};
			name = Release;
		};
/* End XCBuildConfiguration section */

/* Begin XCConfigurationList section */
		D9C0D5E92DDA42AC00282E00 /* Build configuration list for PBXProject "nobetci-eczane" */ = {
			isa = XCConfigurationList;
			buildConfigurations = (
				D9C0D61A2DDA42B200282E00 /* Debug */,
				D9C0D61B2DDA42B200282E00 /* Release */,
			);
			defaultConfigurationIsVisible = 0;
			defaultConfigurationName = Release;
		};
		D9C0D6172DDA42B200282E00 /* Build configuration list for PBXNativeTarget "nobetci-eczane" */ = {
			isa = XCConfigurationList;
			buildConfigurations = (
				D9C0D6182DDA42B200282E00 /* Debug */,
				D9C0D6192DDA42B200282E00 /* Release */,
			);
			defaultConfigurationIsVisible = 0;
			defaultConfigurationName = Release;
		};
		D9C0D61C2DDA42B200282E00 /* Build configuration list for PBXNativeTarget "nobetci-eczaneTests" */ = {
			isa = XCConfigurationList;
			buildConfigurations = (
				D9C0D61D2DDA42B200282E00 /* Debug */,
				D9C0D61E2DDA42B200282E00 /* Release */,
			);
			defaultConfigurationIsVisible = 0;
			defaultConfigurationName = Release;
		};
		D9C0D61F2DDA42B200282E00 /* Build configuration list for PBXNativeTarget "nobetci-eczaneUITests" */ = {
			isa = XCConfigurationList;
			buildConfigurations = (
				D9C0D6202DDA42B200282E00 /* Debug */,
				D9C0D6212DDA42B200282E00 /* Release */,
			);
			defaultConfigurationIsVisible = 0;
			defaultConfigurationName = Release;
		};
/* End XCConfigurationList section */
	};
	rootObject = D9C0D5E62DDA42AC00282E00 /* Project object */;
}
